{
  "version": 4,
  "terraform_version": "1.16.2",
  "serial": 4,
  "lineage": "a3bd44ed-11bd-5cdd-0c42-e4f530f8043c",
  "outputs": {},
  "resources": [
    {
      "mode": "managed",
      "type": "aws_vpc",
      "name": "vpc_prueba",
      "provider": "provider[\"registry.terraform.io/hashicorp/aws\"]",
      "instances": [
        {
          "schema_version": 1,
          "attributes": {
            "arn": "arn:aws:ec2:us-east-1:135520241884:vpc/vpc-00497c9da3c99106b",
            "assign_generated_ipv6_cidr_block": false,
            "cidr_block": "10.0.0.0/16",
            "default_network_acl_id": "acl-0a6ba7b89c502bb00",
            "default_route_table_id": "rtb-03cd1be6dbe6abc4b",
            "default_security_group_id": "sg-05c2f0851ce19fe35",
            "dhcp_options_id": "dopt-0f6f20194109f67e4",
            "enable_dns_hostnames": false,
            "enable_dns_support": true,
            "enable_network_address_usage_metrics": false,
            "id": "vpc-00497c9da3c99106b",
            "instance_tenancy": "default",
            "ipv4_ipam_pool_id": null,
            "ipv4_netmask_length": null,
            "ipv6_association_id": "",
            "ipv6_cidr_block": "",
            "ipv6_cidr_block_network_border_group": "",
            "ipv6_ipam_pool_id": "",
            "ipv6_netmask_length": 0,
            "main_route_table_id": "rtb-03cd1be6dbe6abc4b",
            "owner_id": "135520241884",
            "region": "us-east-1",
            "tags": {
              "Name": "devops-vpc-prueba"
            },
            "tags_all": {
              "Name": "devops-vpc-prueba"
            }
          },
          "sensitive_attributes": [],
          "identity_schema_version": 0,
          "identity": {
            "account_id": "135520241884",
            "id": "vpc-00497c9da3c99106b",
            "region": "us-east-1"
          },
          "private": "eyJzY2hlbWFfdmVyc2lvbiI6IjEifQ=="
        }
      ]
    }
  ],
  "check_results": null
}
